
Microsoft Visual Studio Solution File, Format Version 12.00
# Visual Studio Version 17
VisualStudioVersion = 17.5.2.0
MinimumVisualStudioVersion = 10.0.40219.1
Project("{FAE04EC0-301F-11D3-BF4B-00C04F79EFBC}") = "CafeMaestro", "CafeMaestro\CafeMaestro.csproj", "{CC4CD9F1-C1C6-2DCE-7F72-5CD17B49587B}"
EndProject
Project("{FAE04EC0-301F-11D3-BF4B-00C04F79EFBC}") = "CafeMaestro.Tests", "CafeMaestro.Tests\CafeMaestro.Tests.csproj", "{40E2E240-5D85-4B78-A599-D8CCE7CF4182}"
EndProject
Global
	GlobalSection(SolutionConfigurationPlatforms) = preSolution
		Debug|Any CPU = Debug|Any CPU
		Debug|x64 = Debug|x64
		Debug|x86 = Debug|x86
		Release|Any CPU = Release|Any CPU
		Release|x64 = Release|x64
		Release|x86 = Release|x86
	EndGlobalSection
	GlobalSection(ProjectConfigurationPlatforms) = postSolution
		{CC4CD9F1-C1C6-2DCE-7F72-5CD17B49587B}.Debug|Any CPU.ActiveCfg = Debug|Any CPU
		{CC4CD9F1-C1C6-2DCE-7F72-5CD17B49587B}.Debug|Any CPU.Build.0 = Debug|Any CPU
		{CC4CD9F1-C1C6-2DCE-7F72-5CD17B49587B}.Debug|x64.ActiveCfg = Debug|Any CPU
		{CC4CD9F1-C1C6-2DCE-7F72-5CD17B49587B}.Debug|x64.Build.0 = Debug|Any CPU
		{CC4CD9F1-C1C6-2DCE-7F72-5CD17B49587B}.Debug|x86.ActiveCfg = Debug|Any CPU
		{CC4CD9F1-C1C6-2DCE-7F72-5CD17B49587B}.Debug|x86.Build.0 = Debug|Any CPU
		{CC4CD9F1-C1C6-2DCE-7F72-5CD17B49587B}.Release|Any CPU.ActiveCfg = Release|Any CPU
		{CC4CD9F1-C1C6-2DCE-7F72-5CD17B49587B}.Release|Any CPU.Build.0 = Release|Any CPU
		{CC4CD9F1-C1C6-2DCE-7F72-5CD17B49587B}.Release|x64.ActiveCfg = Release|Any CPU
		{CC4CD9F1-C1C6-2DCE-7F72-5CD17B49587B}.Release|x64.Build.0 = Release|Any CPU
		{CC4CD9F1-C1C6-2DCE-7F72-5CD17B49587B}.Release|x86.ActiveCfg = Release|Any CPU
		{CC4CD9F1-C1C6-2DCE-7F72-5CD17B49587B}.Release|x86.Build.0 = Release|Any CPU
		{40E2E240-5D85-4B78-A599-D8CCE7CF4182}.Debug|Any CPU.ActiveCfg = Debug|Any CPU
		{40E2E240-5D85-4B78-A599-D8CCE7CF4182}.Debug|Any CPU.Build.0 = Debug|Any CPU
		{40E2E240-5D85-4B78-A599-D8CCE7CF4182}.Debug|x64.ActiveCfg = Debug|Any CPU
		{40E2E240-5D85-4B78-A599-D8CCE7CF4182}.Debug|x64.Build.0 = Debug|Any CPU
		{40E2E240-5D85-4B78-A599-D8CCE7CF4182}.Debug|x86.ActiveCfg = Debug|Any CPU
		{40E2E240-5D85-4B78-A599-D8CCE7CF4182}.Debug|x86.Build.0 = Debug|Any CPU
		{40E2E240-5D85-4B78-A599-D8CCE7CF4182}.Release|Any CPU.ActiveCfg = Release|Any CPU
		{40E2E240-5D85-4B78-A599-D8CCE7CF4182}.Release|Any CPU.Build.0 = Release|Any CPU
		{40E2E240-5D85-4B78-A599-D8CCE7CF4182}.Release|x64.ActiveCfg = Release|Any CPU
		{40E2E240-5D85-4B78-A599-D8CCE7CF4182}.Release|x64.Build.0 = Release|Any CPU
		{40E2E240-5D85-4B78-A599-D8CCE7CF4182}.Release|x86.ActiveCfg = Release|Any CPU
		{40E2E240-5D85-4B78-A599-D8CCE7CF4182}.Release|x86.Build.0 = Release|Any CPU
	EndGlobalSection
	GlobalSection(SolutionProperties) = preSolution
		HideSolutionNode = FALSE
	EndGlobalSection
	GlobalSection(ExtensibilityGlobals) = postSolution
		SolutionGuid = {5D85ABB2-57AD-44A2-9B0B-3DC7D0AA4FD5}
	EndGlobalSection
EndGlobal
